
Microsoft Visual Studio Solution File, Format Version 12.00
# Visual Studio 15
VisualStudioVersion = 15.0.28307.779
MinimumVisualStudioVersion = 10.0.40219.1
Project("{FAE04EC0-301F-11D3-BF4B-00C04F79EFBC}") = "WebApplication1", "WebApplication1\WebApplication1.csproj", "{AC023902-F5C2-45C3-96E3-F4AB3310B4A0}"
EndProject
Global
	GlobalSection(SolutionConfigurationPlatforms) = preSolution
		Debug|Any CPU = Debug|Any CPU
		Release|Any CPU = Release|Any CPU
	EndGlobalSection
	GlobalSection(ProjectConfigurationPlatforms) = postSolution
		{AC023902-F5C2-45C3-96E3-F4AB3310B4A0}.Debug|Any CPU.ActiveCfg = Debug|Any CPU
		{AC023902-F5C2-45C3-96E3-F4AB3310B4A0}.Debug|Any CPU.Build.0 = Debug|Any CPU
		{AC023902-F5C2-45C3-96E3-F4AB3310B4A0}.Release|Any CPU.ActiveCfg = Release|Any CPU
		{AC023902-F5C2-45C3-96E3-F4AB3310B4A0}.Release|Any CPU.Build.0 = Release|Any CPU
	EndGlobalSection
	GlobalSection(SolutionProperties) = preSolution
		HideSolutionNode = FALSE
	EndGlobalSection
	GlobalSection(ExtensibilityGlobals) = postSolution
		SolutionGuid = {DFF463FD-071A-49B4-86DC-CC5FBB7BF04B}
	EndGlobalSection
EndGlobal
